
Microsoft Visual Studio Solution File, Format Version 12.00
# Visual Studio Version 17
VisualStudioVersion = 17.14.36212.18 d17.14
MinimumVisualStudioVersion = 10.0.40219.1
Project("{FAE04EC0-301F-11D3-BF4B-00C04F79EFBC}") = "4-Palabra_Palindroma", "4-Palabra_Palindroma\4-Palabra_Palindroma.csproj", "{370C5C0C-538E-4FF4-9252-DB883229BD0A}"
EndProject
Global
	GlobalSection(SolutionConfigurationPlatforms) = preSolution
		Debug|Any CPU = Debug|Any CPU
		Release|Any CPU = Release|Any CPU
	EndGlobalSection
	GlobalSection(ProjectConfigurationPlatforms) = postSolution
		{370C5C0C-538E-4FF4-9252-DB883229BD0A}.Debug|Any CPU.ActiveCfg = Debug|Any CPU
		{370C5C0C-538E-4FF4-9252-DB883229BD0A}.Debug|Any CPU.Build.0 = Debug|Any CPU
		{370C5C0C-538E-4FF4-9252-DB883229BD0A}.Release|Any CPU.ActiveCfg = Release|Any CPU
		{370C5C0C-538E-4FF4-9252-DB883229BD0A}.Release|Any CPU.Build.0 = Release|Any CPU
	EndGlobalSection
	GlobalSection(SolutionProperties) = preSolution
		HideSolutionNode = FALSE
	EndGlobalSection
	GlobalSection(ExtensibilityGlobals) = postSolution
		SolutionGuid = {56A7AEFA-768D-4CFC-A7AA-922E155D6977}
	EndGlobalSection
EndGlobal
