
Microsoft Visual Studio Solution File, Format Version 12.00
# Visual Studio Version 17
VisualStudioVersion = 17.14.36109.1 d17.14
MinimumVisualStudioVersion = 10.0.40219.1
Project("{FAE04EC0-301F-11D3-BF4B-00C04F79EFBC}") = "prueba visual", "prueba visual\prueba visual.csproj", "{236C876E-13FB-4B8B-86DE-F1199972F674}"
EndProject
Global
	GlobalSection(SolutionConfigurationPlatforms) = preSolution
		Debug|Any CPU = Debug|Any CPU
		Release|Any CPU = Release|Any CPU
	EndGlobalSection
	GlobalSection(ProjectConfigurationPlatforms) = postSolution
		{236C876E-13FB-4B8B-86DE-F1199972F674}.Debug|Any CPU.ActiveCfg = Debug|Any CPU
		{236C876E-13FB-4B8B-86DE-F1199972F674}.Debug|Any CPU.Build.0 = Debug|Any CPU
		{236C876E-13FB-4B8B-86DE-F1199972F674}.Release|Any CPU.ActiveCfg = Release|Any CPU
		{236C876E-13FB-4B8B-86DE-F1199972F674}.Release|Any CPU.Build.0 = Release|Any CPU
	EndGlobalSection
	GlobalSection(SolutionProperties) = preSolution
		HideSolutionNode = FALSE
	EndGlobalSection
	GlobalSection(ExtensibilityGlobals) = postSolution
		SolutionGuid = {C156CF6E-0162-426F-ACC6-4E1456A7877A}
	EndGlobalSection
EndGlobal
