
Microsoft Visual Studio Solution File, Format Version 12.00
# Visual Studio Version 17
VisualStudioVersion = 17.14.36212.18 d17.14
MinimumVisualStudioVersion = 10.0.40219.1
Project("{FAE04EC0-301F-11D3-BF4B-00C04F79EFBC}") = "ProyectoFinal_GestionAlmacen", "ProyectoFinal_GestionAlmacen\ProyectoFinal_GestionAlmacen.csproj", "{E3C7CF0B-FF28-4495-8034-96D8D1FDA369}"
EndProject
Global
	GlobalSection(SolutionConfigurationPlatforms) = preSolution
		Debug|Any CPU = Debug|Any CPU
		Release|Any CPU = Release|Any CPU
	EndGlobalSection
	GlobalSection(ProjectConfigurationPlatforms) = postSolution
		{E3C7CF0B-FF28-4495-8034-96D8D1FDA369}.Debug|Any CPU.ActiveCfg = Debug|Any CPU
		{E3C7CF0B-FF28-4495-8034-96D8D1FDA369}.Debug|Any CPU.Build.0 = Debug|Any CPU
		{E3C7CF0B-FF28-4495-8034-96D8D1FDA369}.Release|Any CPU.ActiveCfg = Release|Any CPU
		{E3C7CF0B-FF28-4495-8034-96D8D1FDA369}.Release|Any CPU.Build.0 = Release|Any CPU
	EndGlobalSection
	GlobalSection(SolutionProperties) = preSolution
		HideSolutionNode = FALSE
	EndGlobalSection
	GlobalSection(ExtensibilityGlobals) = postSolution
		SolutionGuid = {97A3E97B-A807-4B1F-8CE6-C76EC7918660}
	EndGlobalSection
EndGlobal
